
Microsoft Visual Studio Solution File, Format Version 12.00
# Visual Studio Version 17
VisualStudioVersion = 17.13.35931.197 d17.13
MinimumVisualStudioVersion = 10.0.40219.1
Project("{FAE04EC0-301F-11D3-BF4B-00C04F79EFBC}") = "Namona", "Namona\Namona.csproj", "{82306886-D6F6-47D6-B7F0-6A35B8CC2F62}"
EndProject
Global
	GlobalSection(SolutionConfigurationPlatforms) = preSolution
		Debug|Any CPU = Debug|Any CPU
		Release|Any CPU = Release|Any CPU
	EndGlobalSection
	GlobalSection(ProjectConfigurationPlatforms) = postSolution
		{82306886-D6F6-47D6-B7F0-6A35B8CC2F62}.Debug|Any CPU.ActiveCfg = Debug|Any CPU
		{82306886-D6F6-47D6-B7F0-6A35B8CC2F62}.Debug|Any CPU.Build.0 = Debug|Any CPU
		{82306886-D6F6-47D6-B7F0-6A35B8CC2F62}.Release|Any CPU.ActiveCfg = Release|Any CPU
		{82306886-D6F6-47D6-B7F0-6A35B8CC2F62}.Release|Any CPU.Build.0 = Release|Any CPU
	EndGlobalSection
	GlobalSection(SolutionProperties) = preSolution
		HideSolutionNode = FALSE
	EndGlobalSection
	GlobalSection(ExtensibilityGlobals) = postSolution
		SolutionGuid = {C95C7BB9-4786-4C56-A2AF-3F32021A9295}
	EndGlobalSection
EndGlobal
